# THIS IS AN AUTOGENERATED FILE. DO NOT EDIT THIS FILE DIRECTLY.
# yarn lockfile v1


vuetify@^2.4.2:
  version "2.4.2"
  resolved "https://registry.yarnpkg.com/vuetify/-/vuetify-2.4.2.tgz#d37d160c1fc6b241fc166a32980b34590a017d6e"
  integrity sha512-8W1928Fv6GKwLiOThutYf2wtD5C9+vcCavlI8NT0YxNOVvluoL8xrep8mGGwDsCkay+4LzaAX92owKeNi3kpWg==

vuex@^3.6.0:
  version "3.6.0"
  resolved "https://registry.yarnpkg.com/vuex/-/vuex-3.6.0.tgz#95efa56a58f7607c135b053350833a09e01aa813"
  integrity sha512-W74OO2vCJPs9/YjNjW8lLbj+jzT24waTo2KShI8jLvJW8OaIkgb3wuAMA7D+ZiUxDOx3ubwSZTaJBip9G8a3aQ==
